
Microsoft Visual Studio Solution File, Format Version 12.00
# Visual Studio Version 17
VisualStudioVersion = 17.8.34330.188
MinimumVisualStudioVersion = 10.0.40219.1
Project("{9A19103F-16F7-4668-BE54-9A1E7A4F7556}") = "00.Algorithm", "00.Algorithm\00.Algorithm.csproj", "{8F387294-D69C-4892-9879-23F19898DE94}"
EndProject
Project("{9A19103F-16F7-4668-BE54-9A1E7A4F7556}") = "01.List", "01.List\01.List.csproj", "{5F60B1DF-1D25-455A-AD42-24A975B36165}"
EndProject
Project("{9A19103F-16F7-4668-BE54-9A1E7A4F7556}") = "24.01.11 실습", "24.01.11 실습\24.01.11 실습.csproj", "{7AB1FA58-6BC5-4F24-944D-3E8A925BA266}"
EndProject
Project("{9A19103F-16F7-4668-BE54-9A1E7A4F7556}") = "02.LinkedList", "02.LinkedList\02.LinkedList.csproj", "{1F6CE0BD-02E4-4D55-8522-DCA5F124D552}"
EndProject
Project("{9A19103F-16F7-4668-BE54-9A1E7A4F7556}") = "24.01.12 실습", "24.01.12 실습\24.01.12 실습.csproj", "{F4699930-8357-498D-B910-3480C0002668}"
EndProject
Project("{9A19103F-16F7-4668-BE54-9A1E7A4F7556}") = "03.Stack", "03.Stack\03.Stack.csproj", "{45FFA19D-1F38-4402-AC38-383903888C5F}"
EndProject
Project("{9A19103F-16F7-4668-BE54-9A1E7A4F7556}") = "04.Queue", "04.Queue\04.Queue.csproj", "{96202091-BA44-4941-BF11-8DEF6702481D}"
EndProject
Project("{9A19103F-16F7-4668-BE54-9A1E7A4F7556}") = "24.01.15 실습", "24.01.15 실습\24.01.15 실습.csproj", "{8D7F633E-68E8-4E2E-A809-1151E0060E68}"
EndProject
Project("{9A19103F-16F7-4668-BE54-9A1E7A4F7556}") = "05.BinarySearchTree", "05.BinarySearchTree\05.BinarySearchTree.csproj", "{B397B577-CADD-4808-9A63-BB54215F4249}"
EndProject
Project("{9A19103F-16F7-4668-BE54-9A1E7A4F7556}") = "06.Heap", "06.Heap\06.Heap.csproj", "{EE66CA9A-2741-4A95-8FEC-D1199C6F12CA}"
EndProject
Project("{9A19103F-16F7-4668-BE54-9A1E7A4F7556}") = "코딩테스트", "코딩테스트\코딩테스트.csproj", "{C092E846-8E2C-4421-9AB4-3FAFC56F990B}"
EndProject
Project("{FAE04EC0-301F-11D3-BF4B-00C04F79EFBC}") = "07.Hashtable", "07.Hashtable\07.Hashtable.csproj", "{CA29BEFA-A4AB-444D-9DAF-EB60705B8EB5}"
EndProject
Project("{FAE04EC0-301F-11D3-BF4B-00C04F79EFBC}") = "24.01.18 실습", "24.01.18 실습\24.01.18 실습.csproj", "{7139DAFD-1709-428D-AC8E-43B04218BBDC}"
EndProject
Global
	GlobalSection(SolutionConfigurationPlatforms) = preSolution
		Debug|Any CPU = Debug|Any CPU
		Release|Any CPU = Release|Any CPU
	EndGlobalSection
	GlobalSection(ProjectConfigurationPlatforms) = postSolution
		{8F387294-D69C-4892-9879-23F19898DE94}.Debug|Any CPU.ActiveCfg = Debug|Any CPU
		{8F387294-D69C-4892-9879-23F19898DE94}.Debug|Any CPU.Build.0 = Debug|Any CPU
		{8F387294-D69C-4892-9879-23F19898DE94}.Release|Any CPU.ActiveCfg = Release|Any CPU
		{8F387294-D69C-4892-9879-23F19898DE94}.Release|Any CPU.Build.0 = Release|Any CPU
		{5F60B1DF-1D25-455A-AD42-24A975B36165}.Debug|Any CPU.ActiveCfg = Debug|Any CPU
		{5F60B1DF-1D25-455A-AD42-24A975B36165}.Debug|Any CPU.Build.0 = Debug|Any CPU
		{5F60B1DF-1D25-455A-AD42-24A975B36165}.Release|Any CPU.ActiveCfg = Release|Any CPU
		{5F60B1DF-1D25-455A-AD42-24A975B36165}.Release|Any CPU.Build.0 = Release|Any CPU
		{7AB1FA58-6BC5-4F24-944D-3E8A925BA266}.Debug|Any CPU.ActiveCfg = Debug|Any CPU
		{7AB1FA58-6BC5-4F24-944D-3E8A925BA266}.Debug|Any CPU.Build.0 = Debug|Any CPU
		{7AB1FA58-6BC5-4F24-944D-3E8A925BA266}.Release|Any CPU.ActiveCfg = Release|Any CPU
		{7AB1FA58-6BC5-4F24-944D-3E8A925BA266}.Release|Any CPU.Build.0 = Release|Any CPU
		{1F6CE0BD-02E4-4D55-8522-DCA5F124D552}.Debug|Any CPU.ActiveCfg = Debug|Any CPU
		{1F6CE0BD-02E4-4D55-8522-DCA5F124D552}.Debug|Any CPU.Build.0 = Debug|Any CPU
		{1F6CE0BD-02E4-4D55-8522-DCA5F124D552}.Release|Any CPU.ActiveCfg = Release|Any CPU
		{1F6CE0BD-02E4-4D55-8522-DCA5F124D552}.Release|Any CPU.Build.0 = Release|Any CPU
		{F4699930-8357-498D-B910-3480C0002668}.Debug|Any CPU.ActiveCfg = Debug|Any CPU
		{F4699930-8357-498D-B910-3480C0002668}.Debug|Any CPU.Build.0 = Debug|Any CPU
		{F4699930-8357-498D-B910-3480C0002668}.Release|Any CPU.ActiveCfg = Release|Any CPU
		{F4699930-8357-498D-B910-3480C0002668}.Release|Any CPU.Build.0 = Release|Any CPU
		{45FFA19D-1F38-4402-AC38-383903888C5F}.Debug|Any CPU.ActiveCfg = Debug|Any CPU
		{45FFA19D-1F38-4402-AC38-383903888C5F}.Debug|Any CPU.Build.0 = Debug|Any CPU
		{45FFA19D-1F38-4402-AC38-383903888C5F}.Release|Any CPU.ActiveCfg = Release|Any CPU
		{45FFA19D-1F38-4402-AC38-383903888C5F}.Release|Any CPU.Build.0 = Release|Any CPU
		{96202091-BA44-4941-BF11-8DEF6702481D}.Debug|Any CPU.ActiveCfg = Debug|Any CPU
		{96202091-BA44-4941-BF11-8DEF6702481D}.Debug|Any CPU.Build.0 = Debug|Any CPU
		{96202091-BA44-4941-BF11-8DEF6702481D}.Release|Any CPU.ActiveCfg = Release|Any CPU
		{96202091-BA44-4941-BF11-8DEF6702481D}.Release|Any CPU.Build.0 = Release|Any CPU
		{8D7F633E-68E8-4E2E-A809-1151E0060E68}.Debug|Any CPU.ActiveCfg = Debug|Any CPU
		{8D7F633E-68E8-4E2E-A809-1151E0060E68}.Debug|Any CPU.Build.0 = Debug|Any CPU
		{8D7F633E-68E8-4E2E-A809-1151E0060E68}.Release|Any CPU.ActiveCfg = Release|Any CPU
		{8D7F633E-68E8-4E2E-A809-1151E0060E68}.Release|Any CPU.Build.0 = Release|Any CPU
		{B397B577-CADD-4808-9A63-BB54215F4249}.Debug|Any CPU.ActiveCfg = Debug|Any CPU
		{B397B577-CADD-4808-9A63-BB54215F4249}.Debug|Any CPU.Build.0 = Debug|Any CPU
		{B397B577-CADD-4808-9A63-BB54215F4249}.Release|Any CPU.ActiveCfg = Release|Any CPU
		{B397B577-CADD-4808-9A63-BB54215F4249}.Release|Any CPU.Build.0 = Release|Any CPU
		{EE66CA9A-2741-4A95-8FEC-D1199C6F12CA}.Debug|Any CPU.ActiveCfg = Debug|Any CPU
		{EE66CA9A-2741-4A95-8FEC-D1199C6F12CA}.Debug|Any CPU.Build.0 = Debug|Any CPU
		{EE66CA9A-2741-4A95-8FEC-D1199C6F12CA}.Release|Any CPU.ActiveCfg = Release|Any CPU
		{EE66CA9A-2741-4A95-8FEC-D1199C6F12CA}.Release|Any CPU.Build.0 = Release|Any CPU
		{C092E846-8E2C-4421-9AB4-3FAFC56F990B}.Debug|Any CPU.ActiveCfg = Debug|Any CPU
		{C092E846-8E2C-4421-9AB4-3FAFC56F990B}.Debug|Any CPU.Build.0 = Debug|Any CPU
		{C092E846-8E2C-4421-9AB4-3FAFC56F990B}.Release|Any CPU.ActiveCfg = Release|Any CPU
		{C092E846-8E2C-4421-9AB4-3FAFC56F990B}.Release|Any CPU.Build.0 = Release|Any CPU
		{CA29BEFA-A4AB-444D-9DAF-EB60705B8EB5}.Debug|Any CPU.ActiveCfg = Debug|Any CPU
		{CA29BEFA-A4AB-444D-9DAF-EB60705B8EB5}.Debug|Any CPU.Build.0 = Debug|Any CPU
		{CA29BEFA-A4AB-444D-9DAF-EB60705B8EB5}.Release|Any CPU.ActiveCfg = Release|Any CPU
		{CA29BEFA-A4AB-444D-9DAF-EB60705B8EB5}.Release|Any CPU.Build.0 = Release|Any CPU
		{7139DAFD-1709-428D-AC8E-43B04218BBDC}.Debug|Any CPU.ActiveCfg = Debug|Any CPU
		{7139DAFD-1709-428D-AC8E-43B04218BBDC}.Debug|Any CPU.Build.0 = Debug|Any CPU
		{7139DAFD-1709-428D-AC8E-43B04218BBDC}.Release|Any CPU.ActiveCfg = Release|Any CPU
		{7139DAFD-1709-428D-AC8E-43B04218BBDC}.Release|Any CPU.Build.0 = Release|Any CPU
	EndGlobalSection
	GlobalSection(SolutionProperties) = preSolution
		HideSolutionNode = FALSE
	EndGlobalSection
	GlobalSection(ExtensibilityGlobals) = postSolution
		SolutionGuid = {07BB22B9-8E27-478A-8779-4EEF33760489}
	EndGlobalSection
EndGlobal
